
Microsoft Visual Studio Solution File, Format Version 12.00
# Visual Studio Version 16
VisualStudioVersion = 16.0.808.4
MinimumVisualStudioVersion = 10.0.40219.1
Project("{FAE04EC0-301F-11D3-BF4B-00C04F79EFBC}") = "SwaggerExample", "SwaggerExample\SwaggerExample.csproj", "{C459B51F-203F-455B-973A-61C3AA38A915}"
EndProject
Project("{FAE04EC0-301F-11D3-BF4B-00C04F79EFBC}") = "DHDashBoard", "DHDashBoard\DHDashBoard.csproj", "{2377CEED-7584-4052-8971-74C43F3DAE70}"
EndProject
Project("{FAE04EC0-301F-11D3-BF4B-00C04F79EFBC}") = "CoinoneSDK", "CoinoneSDK\CoinoneSDK.csproj", "{986579ED-F007-4C68-9814-1AAE564C75A4}"
EndProject
Project("{FAE04EC0-301F-11D3-BF4B-00C04F79EFBC}") = "CoinoneSDKUnitTest", "CoinoneSDKUnitTest\CoinoneSDKUnitTest.csproj", "{74652859-F5FC-4724-9DC1-977F04CA925B}"
EndProject
Project("{FAE04EC0-301F-11D3-BF4B-00C04F79EFBC}") = "DHSDK", "DHSDK\DHSDK.csproj", "{84B23C31-E670-441D-B5D4-17C05C97F9B7}"
EndProject
Project("{FAE04EC0-301F-11D3-BF4B-00C04F79EFBC}") = "DHDashBoardSDK", "DHDashBoardSDK\DHDashBoardSDK.csproj", "{1A2359CF-5AA9-4FA0-A1B0-05DED83686F8}"
EndProject
Global
	GlobalSection(SolutionConfigurationPlatforms) = preSolution
		Debug|Any CPU = Debug|Any CPU
		Release|Any CPU = Release|Any CPU
	EndGlobalSection
	GlobalSection(ProjectConfigurationPlatforms) = postSolution
		{C459B51F-203F-455B-973A-61C3AA38A915}.Debug|Any CPU.ActiveCfg = Debug|Any CPU
		{C459B51F-203F-455B-973A-61C3AA38A915}.Debug|Any CPU.Build.0 = Debug|Any CPU
		{C459B51F-203F-455B-973A-61C3AA38A915}.Release|Any CPU.ActiveCfg = Release|Any CPU
		{C459B51F-203F-455B-973A-61C3AA38A915}.Release|Any CPU.Build.0 = Release|Any CPU
		{2377CEED-7584-4052-8971-74C43F3DAE70}.Debug|Any CPU.ActiveCfg = Debug|Any CPU
		{2377CEED-7584-4052-8971-74C43F3DAE70}.Debug|Any CPU.Build.0 = Debug|Any CPU
		{2377CEED-7584-4052-8971-74C43F3DAE70}.Release|Any CPU.ActiveCfg = Release|Any CPU
		{2377CEED-7584-4052-8971-74C43F3DAE70}.Release|Any CPU.Build.0 = Release|Any CPU
		{986579ED-F007-4C68-9814-1AAE564C75A4}.Debug|Any CPU.ActiveCfg = Debug|Any CPU
		{986579ED-F007-4C68-9814-1AAE564C75A4}.Debug|Any CPU.Build.0 = Debug|Any CPU
		{986579ED-F007-4C68-9814-1AAE564C75A4}.Release|Any CPU.ActiveCfg = Release|Any CPU
		{986579ED-F007-4C68-9814-1AAE564C75A4}.Release|Any CPU.Build.0 = Release|Any CPU
		{74652859-F5FC-4724-9DC1-977F04CA925B}.Debug|Any CPU.ActiveCfg = Debug|Any CPU
		{74652859-F5FC-4724-9DC1-977F04CA925B}.Debug|Any CPU.Build.0 = Debug|Any CPU
		{74652859-F5FC-4724-9DC1-977F04CA925B}.Release|Any CPU.ActiveCfg = Release|Any CPU
		{74652859-F5FC-4724-9DC1-977F04CA925B}.Release|Any CPU.Build.0 = Release|Any CPU
		{84B23C31-E670-441D-B5D4-17C05C97F9B7}.Debug|Any CPU.ActiveCfg = Debug|Any CPU
		{84B23C31-E670-441D-B5D4-17C05C97F9B7}.Debug|Any CPU.Build.0 = Debug|Any CPU
		{84B23C31-E670-441D-B5D4-17C05C97F9B7}.Release|Any CPU.ActiveCfg = Release|Any CPU
		{84B23C31-E670-441D-B5D4-17C05C97F9B7}.Release|Any CPU.Build.0 = Release|Any CPU
		{1A2359CF-5AA9-4FA0-A1B0-05DED83686F8}.Debug|Any CPU.ActiveCfg = Debug|Any CPU
		{1A2359CF-5AA9-4FA0-A1B0-05DED83686F8}.Debug|Any CPU.Build.0 = Debug|Any CPU
		{1A2359CF-5AA9-4FA0-A1B0-05DED83686F8}.Release|Any CPU.ActiveCfg = Release|Any CPU
		{1A2359CF-5AA9-4FA0-A1B0-05DED83686F8}.Release|Any CPU.Build.0 = Release|Any CPU
	EndGlobalSection
	GlobalSection(SolutionProperties) = preSolution
		HideSolutionNode = FALSE
	EndGlobalSection
	GlobalSection(ExtensibilityGlobals) = postSolution
		SolutionGuid = {14D03DBF-38C1-43D0-8B4C-89569459A7E1}
	EndGlobalSection
EndGlobal
