
Microsoft Visual Studio Solution File, Format Version 12.00
# Visual Studio Version 16
VisualStudioVersion = 16.0.808.4
MinimumVisualStudioVersion = 10.0.40219.1
Project("{FAE04EC0-301F-11D3-BF4B-00C04F79EFBC}") = "SwaggerExample", "SwaggerExample\SwaggerExample.csproj", "{C459B51F-203F-455B-973A-61C3AA38A915}"
EndProject
Project("{FAE04EC0-301F-11D3-BF4B-00C04F79EFBC}") = "DHDashBoardSDK", "DHDashBoardSDK\DHDashBoardSDK.csproj", "{B1548414-7B8D-438E-823A-594825CA9565}"
EndProject
Global
	GlobalSection(SolutionConfigurationPlatforms) = preSolution
		Debug|Any CPU = Debug|Any CPU
		Release|Any CPU = Release|Any CPU
	EndGlobalSection
	GlobalSection(ProjectConfigurationPlatforms) = postSolution
		{C459B51F-203F-455B-973A-61C3AA38A915}.Debug|Any CPU.ActiveCfg = Debug|Any CPU
		{C459B51F-203F-455B-973A-61C3AA38A915}.Debug|Any CPU.Build.0 = Debug|Any CPU
		{C459B51F-203F-455B-973A-61C3AA38A915}.Release|Any CPU.ActiveCfg = Release|Any CPU
		{C459B51F-203F-455B-973A-61C3AA38A915}.Release|Any CPU.Build.0 = Release|Any CPU
		{B1548414-7B8D-438E-823A-594825CA9565}.Debug|Any CPU.ActiveCfg = Debug|Any CPU
		{B1548414-7B8D-438E-823A-594825CA9565}.Debug|Any CPU.Build.0 = Debug|Any CPU
		{B1548414-7B8D-438E-823A-594825CA9565}.Release|Any CPU.ActiveCfg = Release|Any CPU
		{B1548414-7B8D-438E-823A-594825CA9565}.Release|Any CPU.Build.0 = Release|Any CPU
	EndGlobalSection
	GlobalSection(SolutionProperties) = preSolution
		HideSolutionNode = FALSE
	EndGlobalSection
	GlobalSection(ExtensibilityGlobals) = postSolution
		SolutionGuid = {14D03DBF-38C1-43D0-8B4C-89569459A7E1}
	EndGlobalSection
EndGlobal
